
Microsoft Visual Studio Solution File, Format Version 12.00
# Visual Studio Version 16
VisualStudioVersion = 16.0.30523.141
MinimumVisualStudioVersion = 10.0.40219.1
Project("{FAE04EC0-301F-11D3-BF4B-00C04F79EFBC}") = "UniversitySchedule", "UniversitySchedule\UniversitySchedule.csproj", "{6730099B-844B-456D-9709-78F9C083BF85}"
EndProject
Project("{FAE04EC0-301F-11D3-BF4B-00C04F79EFBC}") = "UniversitySchedule.Core", "UniversitySchedule.Core\UniversitySchedule.Core.csproj", "{57168174-C125-4E36-BCDC-CE67499A5545}"
EndProject
Global
	GlobalSection(SolutionConfigurationPlatforms) = preSolution
		Debug|Any CPU = Debug|Any CPU
		Release|Any CPU = Release|Any CPU
	EndGlobalSection
	GlobalSection(ProjectConfigurationPlatforms) = postSolution
		{6730099B-844B-456D-9709-78F9C083BF85}.Debug|Any CPU.ActiveCfg = Debug|Any CPU
		{6730099B-844B-456D-9709-78F9C083BF85}.Debug|Any CPU.Build.0 = Debug|Any CPU
		{6730099B-844B-456D-9709-78F9C083BF85}.Release|Any CPU.ActiveCfg = Release|Any CPU
		{6730099B-844B-456D-9709-78F9C083BF85}.Release|Any CPU.Build.0 = Release|Any CPU
		{57168174-C125-4E36-BCDC-CE67499A5545}.Debug|Any CPU.ActiveCfg = Debug|Any CPU
		{57168174-C125-4E36-BCDC-CE67499A5545}.Debug|Any CPU.Build.0 = Debug|Any CPU
		{57168174-C125-4E36-BCDC-CE67499A5545}.Release|Any CPU.ActiveCfg = Release|Any CPU
		{57168174-C125-4E36-BCDC-CE67499A5545}.Release|Any CPU.Build.0 = Release|Any CPU
	EndGlobalSection
	GlobalSection(SolutionProperties) = preSolution
		HideSolutionNode = FALSE
	EndGlobalSection
	GlobalSection(ExtensibilityGlobals) = postSolution
		SolutionGuid = {579BECE3-017C-4632-A708-E01165EF9392}
	EndGlobalSection
EndGlobal
